
Microsoft Visual Studio Solution File, Format Version 12.00
# Visual Studio Version 17
VisualStudioVersion = 17.9.34622.214
MinimumVisualStudioVersion = 10.0.40219.1
Project("{9A19103F-16F7-4668-BE54-9A1E7A4F7556}") = "DES", "DES\DES.csproj", "{3AE4EAF3-6BC9-43A0-9898-E68DADD9D33B}"
EndProject
Project("{9A19103F-16F7-4668-BE54-9A1E7A4F7556}") = "key_test", "key_test\key_test.csproj", "{75507278-030C-4A77-9132-D874E501E065}"
EndProject
Project("{FAE04EC0-301F-11D3-BF4B-00C04F79EFBC}") = "DES_algorithm", "DES_algorithm\DES_algorithm.csproj", "{88B736B8-EAAD-4C2A-B14C-2753B7C1BE60}"
EndProject
Global
	GlobalSection(SolutionConfigurationPlatforms) = preSolution
		Debug|Any CPU = Debug|Any CPU
		Release|Any CPU = Release|Any CPU
	EndGlobalSection
	GlobalSection(ProjectConfigurationPlatforms) = postSolution
		{3AE4EAF3-6BC9-43A0-9898-E68DADD9D33B}.Debug|Any CPU.ActiveCfg = Debug|Any CPU
		{3AE4EAF3-6BC9-43A0-9898-E68DADD9D33B}.Debug|Any CPU.Build.0 = Debug|Any CPU
		{3AE4EAF3-6BC9-43A0-9898-E68DADD9D33B}.Release|Any CPU.ActiveCfg = Release|Any CPU
		{3AE4EAF3-6BC9-43A0-9898-E68DADD9D33B}.Release|Any CPU.Build.0 = Release|Any CPU
		{75507278-030C-4A77-9132-D874E501E065}.Debug|Any CPU.ActiveCfg = Debug|Any CPU
		{75507278-030C-4A77-9132-D874E501E065}.Debug|Any CPU.Build.0 = Debug|Any CPU
		{75507278-030C-4A77-9132-D874E501E065}.Release|Any CPU.ActiveCfg = Release|Any CPU
		{75507278-030C-4A77-9132-D874E501E065}.Release|Any CPU.Build.0 = Release|Any CPU
		{88B736B8-EAAD-4C2A-B14C-2753B7C1BE60}.Debug|Any CPU.ActiveCfg = Debug|Any CPU
		{88B736B8-EAAD-4C2A-B14C-2753B7C1BE60}.Debug|Any CPU.Build.0 = Debug|Any CPU
		{88B736B8-EAAD-4C2A-B14C-2753B7C1BE60}.Release|Any CPU.ActiveCfg = Release|Any CPU
		{88B736B8-EAAD-4C2A-B14C-2753B7C1BE60}.Release|Any CPU.Build.0 = Release|Any CPU
	EndGlobalSection
	GlobalSection(SolutionProperties) = preSolution
		HideSolutionNode = FALSE
	EndGlobalSection
	GlobalSection(ExtensibilityGlobals) = postSolution
		SolutionGuid = {3B473027-F756-48B8-89EE-403CB337AE69}
	EndGlobalSection
EndGlobal
